version = 1
revision = 3
requires-python = ">=3.14"

[[package]]
name = "ai-ready-repo"
version = "0.1.0"
source = { editable = "." }

[package.optional-dependencies]
dev = [
    { name = "import-linter" },
    { name = "mypy" },
    { name = "pytest" },
    { name = "pytest-cov" },
    { name = "pyyaml" },
    { name = "ruff" },
]

[package.metadata]
requires-dist = [
    { name = "import-linter", marker = "extra == 'dev'", specifier = "==2.3" },
    { name = "mypy", marker = "extra == 'dev'", specifier = "==1.15.0" },
    { name = "pytest", marker = "extra == 'dev'", specifier = "==9.0.3" },
    { name = "pytest-cov", marker = "extra == 'dev'", specifier = "==6.1.0" },
    { name = "pyyaml", marker = "extra == 'dev'", specifier = "==6.0.2" },
    { name = "ruff", marker = "extra == 'dev'", specifier = "==0.9.10" },
]
provides-extras = ["dev"]

[[package]]
name = "click"
version = "8.5.0"
source = { registry = "https://pypi.org/simple" }
sdist = { url = "https://files.pythonhosted.org/packages/c7/0e/7fa0ef50764b67090eca4114772a2abf8b6148198475e54c660b97caeee6/click-8.5.0.tar.gz", hash = "sha256:ba0d2089de75ea0310e2dde03160e6ca10009947fb95a182f9b54021bb272e34", size = 382235, upload-time = "2026-08-26T13:33:14.56Z" }
wheels = [
    { url = "https://files.pythonhosted.org/packages/58/50/6c0d534c5f134586a8e1ba4e330569e32f057e33372ae556463212fb4cd3/click-8.5.0-py3-none-any.whl", hash = "sha256:255bc9599cf7748b4b1a446ccc735421bd08a2ae529a8b88597d3de5664ee360", size = 125251, upload-time = "2026-08-26T13:33:12.928Z" },
]

[[package]]
name = "colorama"
version = "0.4.6"
source = { registry = "https://pypi.org/simple" }
sdist = { url = "https://files.pythonhosted.org/packages/d8/53/6f443c9a4a8358a93a6792e2acffb9d9d5cb0a5cfd8802644b7b1c9a02e4/colorama-0.4.6.tar.gz", hash = "sha256:08695f5cb7ed6e0531a20572697297273c47b8cae5a63ffc6d6ed5c201be6e44", size = 27697, upload-time = "2022-10-25T02:36:22.414Z" }
wheels = [
    { url = "https://files.pythonhosted.org/packages/d1/d6/3965ed04c63042e047cb6a3e6ed1a63a35087b6a609aa3a15ed8ac56c221/colorama-0.4.6-py2.py3-none-any.whl", hash = "sha256:4f1d9991f5acc0ca119f9d443620b77f9d6b33703e51011c16baf57afb285fc6", size = 25335, upload-time = "2022-10-25T02:36:20.889Z" },
]

[[package]]
name = "coverage"
version = "7.15.4"
source = { registry = "https://pypi.org/simple" }
sdist = { url = "https://files.pythonhosted.org/packages/be/c3/4f2195f512fb172aa425a8803a874b2baa9ba7f80ff7b6080998761fc701/coverage-7.15.4.tar.gz", hash = "sha256:0548198fff07ccf4faf469520bce1c2eceb1ce3e62891921138dec10907f9d00", size = 936952, upload-time = "2026-08-06T13:50:24.442Z" }
wheels = [
    { url = "https://files.pythonhosted.org/packages/ea/ac/748cf29eeb2d6be34a3176ce26a4f49e38085ee08e8935f05f6f26ed7e0f/coverage-7.15.4-cp314-cp314-macosx_10_15_x86_64.whl", hash = "sha256:770e9325ab5ea6d56f77e59b29ecfe0ac20b57a82a601876f90494a4dda0386f", size = 222608, upload-time = "2026-08-06T13:48:26.806Z" },
    { url = "https://files.pythonhosted.org/packages/0b/02/1abbf5c984677b0aa439cdacaccbf38d248939d8ef8fe1cc7a50d73edb77/coverage-7.15.4-cp314-cp314-macosx_11_0_arm64.whl", hash = "sha256:d12b33a3a50a1676b7784dc8d00a0c6d66a9f2add4b85a041c19b6a7e53ef23c", size = 222940, upload-time = "2026-08-06T13:48:28.432Z" },
    { url = "https://files.pythonhosted.org/packages/eb/e1/ff8f9f53d9fcf586125b55d0b1f04ec1c14955fee41e83d5814bee141bb5/coverage-7.15.4-cp314-cp314-manylinux1_i686.manylinux_2_28_i686.manylinux_2_5_i686.whl", hash = "sha256:5669c8378ebde86f5def7a25d29586631b58acc27ffde04399f678f3dfc6e082", size = 253985, upload-time = "2026-08-06T13:48:29.995Z" },
    { url = "https://files.pythonhosted.org/packages/a1/26/595759762e514e81be1d7d01ed03444303bcd152226a6529998d253f9201/coverage-7.15.4-cp314-cp314-manylinux1_x86_64.manylinux_2_28_x86_64.manylinux_2_5_x86_64.whl", hash = "sha256:ff97a14362eef486483ed44042ca2027ea257df6ff768e62358ee0c9776925ac", size = 256492, upload-time = "2026-08-06T13:48:31.634Z" },
    { url = "https://files.pythonhosted.org/packages/24/68/b79aabac54d482be23b5fcdd4f4662bff24a78edc4ee29201726929936d5/coverage-7.15.4-cp314-cp314-manylinux2014_aarch64.manylinux_2_17_aarch64.manylinux_2_28_aarch64.whl", hash = "sha256:5a325e815318638aed1655d9c06e6d7c2d3d46c09231ce988070428a8762d734", size = 257837, upload-time = "2026-08-06T13:48:33.186Z" },
    { url = "https://files.pythonhosted.org/packages/09/0f/bf7f297885a5bf6fd71e5782404e0ff059ca09e8711ceb3a08544abde45a/coverage-7.15.4-cp314-cp314-manylinux2014_ppc64le.manylinux_2_17_ppc64le.manylinux_2_28_ppc64le.whl", hash = "sha256:474223409d88eb20d2d6a0d37ea60e8647a65a90cc008dc1f0410af5f64f1e0d", size = 260152, upload-time = "2026-08-06T13:48:34.75Z" },
    { url = "https://files.pythonhosted.org/packages/fd/f1/296744e854ff8368542343457414380465e9ceefb9192342feb9d3bc461d/coverage-7.15.4-cp314-cp314-manylinux_2_31_riscv64.manylinux_2_39_riscv64.whl", hash = "sha256:7f2f62ae3cd189dd2e13aece758c57b3eecbd27be070dbd4cbd10936049e5dbf", size = 253978, upload-time = "2026-08-06T13:48:36.434Z" },
    { url = "https://files.pythonhosted.org/packages/55/b0/bbdb2e9057493e66220a2e149ca2d301ba0e3a58a83bd6b90de9826d16f3/coverage-7.15.4-cp314-cp314-musllinux_1_2_aarch64.whl", hash = "sha256:39ece820e29e0a2ba34b3ecb3be83c27e997eed8926f2ba6fe7ce7a0bda5843b", size = 255846, upload-time = "2026-08-06T13:48:38.317Z" },
    { url = "https://files.pythonhosted.org/packages/96/e4/38015b2b6d21258713bd17e76b59d033b191efb5703589cffd037dfbca20/coverage-7.15.4-cp314-cp314-musllinux_1_2_i686.whl", hash = "sha256:f21b56dcace11dfe013014201f577dcd592b2a9b72182d930361b47cf6f73f25", size = 253808, upload-time = "2026-08-06T13:48:39.993Z" },
    { url = "https://files.pythonhosted.org/packages/0b/64/0d515c1e60ee6fbfd1a0e79c07cd87d388a233b7adc37758735677203808/coverage-7.15.4-cp314-cp314-musllinux_1_2_ppc64le.whl", hash = "sha256:93a3a0b662abcc10c73a47cbc72cd60f63618d6989fb2d1286e50eacd974f303", size = 258081, upload-time = "2026-08-06T13:48:41.971Z" },
    { url = "https://files.pythonhosted.org/packages/91/71/04d9e7a3642146c6351338aef4ef85ab11dbbb54744c13245caba1aad1c0/coverage-7.15.4-cp314-cp314-musllinux_1_2_riscv64.whl", hash = "sha256:141fae2cabf5569b782c10afc4c850ce10f618c13f8db54765cba99cc839da1f", size = 253624, upload-time = "2026-08-06T13:48:43.731Z" },
    { url = "https://files.pythonhosted.org/packages/b4/a7/6c28b74c81ebff66987b0e2522ba5cffa3e90b0c33cb6a2eb264d4ee8cf1/coverage-7.15.4-cp314-cp314-musllinux_1_2_x86_64.whl", hash = "sha256:81294c7e6ab30c5f74c0353b11b2fd6320e72d9bee6ac73b357caa8b916323a5", size = 255280, upload-time = "2026-08-06T13:48:45.58Z" },
    { url = "https://files.pythonhosted.org/packages/52/af/bc19996a7014b98d7bbb0f0939453c67074af65784a3aa16a789a07381fa/coverage-7.15.4-cp314-cp314-win32.whl", hash = "sha256:7bbd7d6418e0dab31a206af5203bd43ae36edb8e7fba1940b055d3e9249290d7", size = 224768, upload-time = "2026-08-06T13:48:47.525Z" },
    { url = "https://files.pythonhosted.org/packages/ee/90/219484e476d6e101ba0a444852579e05f5b75c37c611a42ed1190f73ef62/coverage-7.15.4-cp314-cp314-win_amd64.whl", hash = "sha256:f0204ed122758782970526057093f448051a39db9d810d4e344bb87a3546f425", size = 225259, upload-time = "2026-08-06T13:48:49.513Z" },
    { url = "https://files.pythonhosted.org/packages/b7/66/fa77daf4e383e5f776dac62c2409b6af81910ae6fe326bd5170dba74cc63/coverage-7.15.4-cp314-cp314-win_arm64.whl", hash = "sha256:9e71e7bc71c686a123347ae47a0de33a175e797a85bb57b791492adf4eec8ed8", size = 224684, upload-time = "2026-08-06T13:48:51.235Z" },
    { url = "https://files.pythonhosted.org/packages/58/5b/f03bf0ce362bbf3f785fa5219620d00778d4ac6fc9e407734828e9c672f6/coverage-7.15.4-cp314-cp314t-macosx_10_15_x86_64.whl", hash = "sha256:7c922735321eef3f87c280a3d39afff6b646723a2880b862cda4ac7a093b8aa8", size = 223338, upload-time = "2026-08-06T13:48:52.896Z" },
    { url = "https://files.pythonhosted.org/packages/0f/76/e77d0ae22501831cc9f92193e8a957a5caa1dd177f90a6d1d9b106242d92/coverage-7.15.4-cp314-cp314t-macosx_11_0_arm64.whl", hash = "sha256:f41c17c4668a655ce96d090d8d5ffdc24ef64b5a02f9753884d08483e8a4a41a", size = 223609, upload-time = "2026-08-06T13:48:54.688Z" },
    { url = "https://files.pythonhosted.org/packages/82/1a/b1f089da8d38ac612fa2dd6dc7f4a1a7657d12f3e261d2996edd3a838d0b/coverage-7.15.4-cp314-cp314t-manylinux1_i686.manylinux_2_28_i686.manylinux_2_5_i686.whl", hash = "sha256:46822e9b6ff1c6a72b518c162c44a8f45a61a1d609c51084bf5b16c023c5037b", size = 264970, upload-time = "2026-08-06T13:48:56.403Z" },
    { url = "https://files.pythonhosted.org/packages/bf/31/e66d98d6e9c7fcc88470f1e234eaf6b1950dc0dfbf797f7282c1c861da24/coverage-7.15.4-cp314-cp314t-manylinux1_x86_64.manylinux_2_28_x86_64.manylinux_2_5_x86_64.whl", hash = "sha256:3d6f4955b73b5445271379a59e3792b0d978f42d4a01e0cf7a67d9c33a3bb0a5", size = 267088, upload-time = "2026-08-06T13:48:58.41Z" },
    { url = "https://files.pythonhosted.org/packages/59/a1/ae94eb2c541add426378408379f233591e069040b1e2cdb33df9498a0682/coverage-7.15.4-cp314-cp314t-manylinux2014_aarch64.manylinux_2_17_aarch64.manylinux_2_28_aarch64.whl", hash = "sha256:3fc9e047706fb4a9abb54f719d3aa643e80e5bb3818182c40aee01ac0f0247ba", size = 269508, upload-time = "2026-08-06T13:49:00.42Z" },
    { url = "https://files.pythonhosted.org/packages/9c/c7/88a10694a1c6a213569766aba9f25847b28155d4ac731b13226db216356d/coverage-7.15.4-cp314-cp314t-manylinux2014_ppc64le.manylinux_2_17_ppc64le.manylinux_2_28_ppc64le.whl", hash = "sha256:05e491d4f3165d62d4f5c8fd48dfeabf2ae8f42cbbd484319af33ea851b78982", size = 270629, upload-time = "2026-08-06T13:49:02.234Z" },
    { url = "https://files.pythonhosted.org/packages/b3/34/d8b8232e5e55169933b59aabcef2fedfa4b9d8897361bb80fcbda146505f/coverage-7.15.4-cp314-cp314t-manylinux_2_31_riscv64.manylinux_2_39_riscv64.whl", hash = "sha256:226c66e80ec0598d3b9b4874123df167ccca342aca8714f77cac6829688ee09c", size = 264043, upload-time = "2026-08-06T13:49:04.102Z" },
    { url = "https://files.pythonhosted.org/packages/7e/35/58b009dbf8c471c7224716478b9fed4a7e1af15320e1ed41660978504663/coverage-7.15.4-cp314-cp314t-musllinux_1_2_aarch64.whl", hash = "sha256:ac41cc14bebda0dbfb0628036b7f75706935c95bcc07fefe9a0f93614aa60a57", size = 266963, upload-time = "2026-08-06T13:49:05.821Z" },
    { url = "https://files.pythonhosted.org/packages/62/aa/57fbda1b42c892968273c56b6ee9dc0f1310850859230a507bc7873b1f65/coverage-7.15.4-cp314-cp314t-musllinux_1_2_i686.whl", hash = "sha256:8af623e5cd92080acddd02b38f2f406a2c3a0893c38950b211890361448fbf26", size = 264569, upload-time = "2026-08-06T13:49:07.706Z" },
    { url = "https://files.pythonhosted.org/packages/98/8a/360e6e7f24d477b7e889703af0afa878d15b6d4d8d2a822b2835c169a879/coverage-7.15.4-cp314-cp314t-musllinux_1_2_ppc64le.whl", hash = "sha256:07545711d4f0f32852a18f18ad11f76f0109909d09e78b9008b4cfc67e829429", size = 268299, upload-time = "2026-08-06T13:49:09.587Z" },
    { url = "https://files.pythonhosted.org/packages/4e/89/6f701261aee21b6b5fa8f7872229406dc917e125069448292223bf213606/coverage-7.15.4-cp314-cp314t-musllinux_1_2_riscv64.whl", hash = "sha256:a0865421cfdc53654b342d515e5a233187590882d20b95752150e53f65460017", size = 263413, upload-time = "2026-08-06T13:49:11.604Z" },
    { url = "https://files.pythonhosted.org/packages/3f/0f/6f04036edc260ed425af83e834f627fad48941ce97b50bfe6edd8b6fa623/coverage-7.15.4-cp314-cp314t-musllinux_1_2_x86_64.whl", hash = "sha256:460115e32ee40566476db5048f9bec1e842c127ad8e6f8be745aad3ac9cbc839", size = 265725, upload-time = "2026-08-06T13:49:13.38Z" },
    { url = "https://files.pythonhosted.org/packages/c4/ce/d19b5d4d5c49a7bfb925fd74310fee7d28bc99520ac3367ccbc54e662518/coverage-7.15.4-cp314-cp314t-win32.whl", hash = "sha256:cbde877ef9dd7baf272b9bfef2b8a25edd45d9170fc326951dd20eb480335e85", size = 225079, upload-time = "2026-08-06T13:49:15.265Z" },
    { url = "https://files.pythonhosted.org/packages/26/bb/7aa1b3b173faee0679037ca950bbbe1247273656697994d8d13f80f8d4b4/coverage-7.15.4-cp314-cp314t-win_amd64.whl", hash = "sha256:3da9e92d1c551fd7563833e9ade686efb0c4b7363ab7681a94283958c950bf5e", size = 225911, upload-time = "2026-08-06T13:49:17.279Z" },
    { url = "https://files.pythonhosted.org/packages/81/1c/4ea9e47426d80038d9222db3c4534cb6021a74b237d3ff97ffd33b6600dd/coverage-7.15.4-cp314-cp314t-win_arm64.whl", hash = "sha256:3a54f5a0d85050c73a38f6793090ee83974531e67fe5e57a1da9bee11398aa5e", size = 225219, upload-time = "2026-08-06T13:49:19.293Z" },
    { url = "https://files.pythonhosted.org/packages/2b/c4/dc5d2ac8f9142e7ec7de66e7bf0591db29d78955a040bd915870d9c0e657/coverage-7.15.4-cp315-cp315-macosx_10_15_x86_64.whl", hash = "sha256:2c9872e4d9dc5d3cf616bf4b382f5a00359305a5be666a3dd0b5cdb4e49597f9", size = 222604, upload-time = "2026-08-06T13:49:21.279Z" },
    { url = "https://files.pythonhosted.org/packages/70/39/33e63df81fe2ee100897451841c821467635923e58e37c6bd4b46dd8106c/coverage-7.15.4-cp315-cp315-macosx_11_0_arm64.whl", hash = "sha256:e101dbb4b9b72f0cddd8cdc8c9c5b47f456766f5e0ac82dbfb75e5c55409b78a", size = 222944, upload-time = "2026-08-06T13:49:23.187Z" },
    { url = "https://files.pythonhosted.org/packages/99/1f/ef3ffb5557febc75a0d97aa459d0266d7d741110265121cc6d8539343d44/coverage-7.15.4-cp315-cp315-manylinux1_i686.manylinux_2_28_i686.manylinux_2_5_i686.whl", hash = "sha256:7d1abebdb047729e852b9c77a00497dfbeb11eb3a117e037d7dbc3ac8e5f5c54", size = 254050, upload-time = "2026-08-06T13:49:25.008Z" },
    { url = "https://files.pythonhosted.org/packages/6f/f5/1f0f6f77698c3601ca0ae7431e34b24c62ca2f06fecb23b73ed1f651d2be/coverage-7.15.4-cp315-cp315-manylinux1_x86_64.manylinux_2_28_x86_64.manylinux_2_5_x86_64.whl", hash = "sha256:d28a4a899354d0ea6214cc59b4fa19eefbce1b9ff1688ab579acf49e894bd3fb", size = 256967, upload-time = "2026-08-06T13:49:26.896Z" },
    { url = "https://files.pythonhosted.org/packages/03/7a/2ed9bed79925f4367c83c77f66a89e5ca7229c288d2d19ad5f36d1ca0070/coverage-7.15.4-cp315-cp315-manylinux2014_aarch64.manylinux_2_17_aarch64.manylinux_2_28_aarch64.whl", hash = "sha256:ffb3c2aacea411cc7e1d27712490c11108e2de1d39019ae32915493a59a8b9ed", size = 258587, upload-time = "2026-08-06T13:49:28.692Z" },
    { url = "https://files.pythonhosted.org/packages/45/8c/fa34044f71b7cc4ecb6da9c2408770959b0591fa9b5fb6fb6bca38f94298/coverage-7.15.4-cp315-cp315-manylinux2014_ppc64le.manylinux_2_17_ppc64le.manylinux_2_28_ppc64le.whl", hash = "sha256:a9447978a92f405d301123cfd39ff49895490efb769a758fe2734c7f631bf8ce", size = 260785, upload-time = "2026-08-06T13:49:30.472Z" },
    { url = "https://files.pythonhosted.org/packages/4f/54/d5727ce36b4524a7394ab9f5f1df378e1f23affcdab01037dc8655185cc7/coverage-7.15.4-cp315-cp315-manylinux_2_31_riscv64.manylinux_2_39_riscv64.whl", hash = "sha256:050467a7983b8e2fe7dd41a78bb30c3e7f8c0b8cafda14b1c46f8b5e3cf2dd3c", size = 254545, upload-time = "2026-08-06T13:49:32.271Z" },
    { url = "https://files.pythonhosted.org/packages/dc/e6/6e3783e576719590194bdffb6dd6d85490801785b7c331e35a245d8cb8b5/coverage-7.15.4-cp315-cp315-musllinux_1_2_aarch64.whl", hash = "sha256:d003b7a5708ddad5c206c79607a6b92abb6fc13c57d99d8a4468cc03a2941ced", size = 256682, upload-time = "2026-08-06T13:49:34.089Z" },
    { url = "https://files.pythonhosted.org/packages/dc/f2/bacdbde18b69ed2de424fcf64d9fb0a4913753d4f0eca8bae9daad69f4bd/coverage-7.15.4-cp315-cp315-musllinux_1_2_i686.whl", hash = "sha256:c38efe30fd74e5c19e9433f11fb1f5dc9c6522770971b7c6145bbaa413dc8800", size = 254560, upload-time = "2026-08-06T13:49:36.052Z" },
    { url = "https://files.pythonhosted.org/packages/6c/a3/1fb927196e3477c1b48831169ab58ba08f451ba87ae311ff1de68b26a616/coverage-7.15.4-cp315-cp315-musllinux_1_2_ppc64le.whl", hash = "sha256:1f4f826d70f772ab8b0c052329580d7fe8b8abd191e4ce0c8f81aec6614665d3", size = 258792, upload-time = "2026-08-06T13:49:38.01Z" },
    { url = "https://files.pythonhosted.org/packages/41/58/30d4c149c69053de0edfe325614c1d28d508f62b1783e0e4a234d2e49136/coverage-7.15.4-cp315-cp315-musllinux_1_2_riscv64.whl", hash = "sha256:4a4bf917c9953f57c957be31c1cd504e3bd2f34d4a352b9d391a3025336f6768", size = 253968, upload-time = "2026-08-06T13:49:39.934Z" },
    { url = "https://files.pythonhosted.org/packages/89/e4/77f639371b918aad30dda4051f95404b43578f7f2e2f87ba73e02ed1ff37/coverage-7.15.4-cp315-cp315-musllinux_1_2_x86_64.whl", hash = "sha256:1c9bf40ebef178a45192c75c4964760bb261b0e6ad725da5fc4c93f674f19753", size = 255893, upload-time = "2026-08-06T13:49:41.825Z" },
    { url = "https://files.pythonhosted.org/packages/5c/62/13be29b3ddab35f14c87967a4820a05106d2a3eccb4fa4ff550bf30b75e0/coverage-7.15.4-cp315-cp315-win32.whl", hash = "sha256:43619d04c3671792d2c4706ae8bf45e265dc87bbd4078189ef8b847ea1e74be2", size = 224768, upload-time = "2026-08-06T13:49:44.08Z" },
    { url = "https://files.pythonhosted.org/packages/a1/70/af0c6be0f964af6954f6b74bc109b0dbca02824696d2520fb17fe1ab06e3/coverage-7.15.4-cp315-cp315-win_amd64.whl", hash = "sha256:be619439dbcd31a2eab10b32de9fff62c26ed4bab69dc32b8363fdaaa0882809", size = 225242, upload-time = "2026-08-06T13:49:45.899Z" },
    { url = "https://files.pythonhosted.org/packages/4f/2d/f3bd3aab899fc9efc18b53133ee68f5f98574ef480649b23e12962226387/coverage-7.15.4-cp315-cp315-win_arm64.whl", hash = "sha256:def597967dafc2e8d97c9097ea453c464e0bb8ed38f193a43070f10dc623bb6d", size = 224674, upload-time = "2026-08-06T13:49:48.322Z" },
    { url = "https://files.pythonhosted.org/packages/f5/ca/f69251cd63eabc6438321aea22148754cce758a26bde07dd490e3fe7cfc5/coverage-7.15.4-cp315-cp315t-macosx_10_15_x86_64.whl", hash = "sha256:c7dbc748ac8a1e3e59a2b28bea47675e6e778081dbbf081bde0d75def2fcbe1d", size = 223333, upload-time = "2026-08-06T13:49:50.293Z" },
    { url = "https://files.pythonhosted.org/packages/a7/a7/037b53b2885b0d8447064432491a4d5a1014cd9f97a594d53acd0c04541a/coverage-7.15.4-cp315-cp315t-macosx_11_0_arm64.whl", hash = "sha256:2413074a5ecbb61a01a7888fc72db0ca324d13588c5b38bc0dd8564cdcdfea26", size = 223630, upload-time = "2026-08-06T13:49:52.637Z" },
    { url = "https://files.pythonhosted.org/packages/80/4f/152b8a4779ae90da11bb24f7467df8a59f0be48a5c52acb856325ca48289/coverage-7.15.4-cp315-cp315t-manylinux1_i686.manylinux_2_28_i686.manylinux_2_5_i686.whl", hash = "sha256:4e6f6f632b7b2f714bf7a1346e8f97b650ee71f3c298aaad42a2ab60f0f07645", size = 264489, upload-time = "2026-08-06T13:49:54.52Z" },
    { url = "https://files.pythonhosted.org/packages/10/2d/84b4b9e0e1dd6528a51920ff7031f35b789382e467a28ec6a5a578cb8812/coverage-7.15.4-cp315-cp315t-manylinux1_x86_64.manylinux_2_28_x86_64.manylinux_2_5_x86_64.whl", hash = "sha256:8df457da2249d3c75ca2e5e835d59c725abfe92d27fdff6cd99eed85b51d5e9a", size = 267567, upload-time = "2026-08-06T13:49:56.721Z" },
    { url = "https://files.pythonhosted.org/packages/53/fc/ba01cc25299f9f8a2c8b02d3b28c53f3543d9fbfbe4e74fa2760b48f163e/coverage-7.15.4-cp315-cp315t-manylinux2014_aarch64.manylinux_2_17_aarch64.manylinux_2_28_aarch64.whl", hash = "sha256:050f66a08805acb5b8a23c6d4a517b1ecf82c08e81ed0e4bd727df065e5c6624", size = 270123, upload-time = "2026-08-06T13:49:58.736Z" },
    { url = "https://files.pythonhosted.org/packages/cf/d0/db2647cbf40b14f8c308f94ff7bf89c06d564e59f396906edf50086ec788/coverage-7.15.4-cp315-cp315t-manylinux2014_ppc64le.manylinux_2_17_ppc64le.manylinux_2_28_ppc64le.whl", hash = "sha256:1587fb771d1ccceef708fdde1e5af8c7ed24b486b61d13a321acb7d8145390aa", size = 271107, upload-time = "2026-08-06T13:50:00.811Z" },
    { url = "https://files.pythonhosted.org/packages/70/ff/4d2d17924552c458bb4f77dd631f0e3bc92fbbdf2d2d916cd4b33bbfd5b1/coverage-7.15.4-cp315-cp315t-manylinux_2_31_riscv64.manylinux_2_39_riscv64.whl", hash = "sha256:8b4f1c3a69ca580f3fbd6b2046915f536d7f586874f25c1bb23add2a3c88d50f", size = 264955, upload-time = "2026-08-06T13:50:03.023Z" },
    { url = "https://files.pythonhosted.org/packages/ee/de/dc010c7a3691f396d93bbc26bfcafa1c2a3a351cd520470f15faf5795bd5/coverage-7.15.4-cp315-cp315t-musllinux_1_2_aarch64.whl", hash = "sha256:ffb58d7eff5b7f6ecc6fa21d6288ab7f968a212cb67d682c269c09b9eba3b66f", size = 267949, upload-time = "2026-08-06T13:50:05.557Z" },
    { url = "https://files.pythonhosted.org/packages/78/ea/dc96a11375e83c045c2f7c61fb6918277cfe9401db7c0f7b1d111a84b2e5/coverage-7.15.4-cp315-cp315t-musllinux_1_2_i686.whl", hash = "sha256:d9df165544774574ee004b953023d1bebada1894a80b1052a43d798b0f676e67", size = 264421, upload-time = "2026-08-06T13:50:07.612Z" },
    { url = "https://files.pythonhosted.org/packages/c8/86/b77131a0f9503ce461cd577076147d7a9040f0c5dda772686f729e2cc9cb/coverage-7.15.4-cp315-cp315t-musllinux_1_2_ppc64le.whl", hash = "sha256:f9de0a24a4079b53e523b5c5e2c5945ec251ab486652659955187cf255a259bc", size = 269121, upload-time = "2026-08-06T13:50:09.58Z" },
    { url = "https://files.pythonhosted.org/packages/24/24/944bc35007862955e7ebf05754e645419dcf5d7526c52735cfa2715e8ebf/coverage-7.15.4-cp315-cp315t-musllinux_1_2_riscv64.whl", hash = "sha256:150089274bdc9f940628552cb92844e0223c987f1902ab8efe9f45a2ec758d88", size = 264565, upload-time = "2026-08-06T13:50:11.722Z" },
    { url = "https://files.pythonhosted.org/packages/c7/cc/a3bb9f93e7e740659163e2ea584f8196ddcd2c456a5dbe15f6c50105fec1/coverage-7.15.4-cp315-cp315t-musllinux_1_2_x86_64.whl", hash = "sha256:a58a94fed5da6997d258e8f7668c1e195fbd04a691d781b7558f1e468f9e68bc", size = 266522, upload-time = "2026-08-06T13:50:13.786Z" },
    { url = "https://files.pythonhosted.org/packages/49/dd/e0e40f3560d878d888c580698ff5ad1179f5e1c3ac949684ef66b41a3817/coverage-7.15.4-cp315-cp315t-win32.whl", hash = "sha256:ebd5a6d8466ff30836572f3ba2cae8a5e8f85029b1c6d5e2ed338dc472a5166a", size = 225068, upload-time = "2026-08-06T13:50:15.825Z" },
    { url = "https://files.pythonhosted.org/packages/c6/7e/37732ea80eebc30e976e4cdab15c190bc42d96959a42e38ddf6f8c60468f/coverage-7.15.4-cp315-cp315t-win_amd64.whl", hash = "sha256:288bde2a2d7ab6b6c2d7252fcde8b524387f2d970bdba9658fc6f8bbcaef0f9b", size = 225895, upload-time = "2026-08-06T13:50:17.928Z" },
    { url = "https://files.pythonhosted.org/packages/c6/08/1e00f7923eaaba45fb3d51dd794125fc766304b1df264f3a9c6557bfb30e/coverage-7.15.4-cp315-cp315t-win_arm64.whl", hash = "sha256:68be5e1de60ff13c9095bbec0e5a7fa45b33b101752215b91345ea1f61c4a278", size = 225213, upload-time = "2026-08-06T13:50:19.981Z" },
    { url = "https://files.pythonhosted.org/packages/b4/d9/e70c286c979378f061d8266e279b686ab0b0b688e1fe0af864684f23a77d/coverage-7.15.4-py3-none-any.whl", hash = "sha256:964730a1e9de9c0cf11be6a1a3c79ce419c34882842abd256086ba4698705e84", size = 214332, upload-time = "2026-08-06T13:50:22.192Z" },
]

[[package]]
name = "grimp"
version = "3.15"
source = { registry = "https://pypi.org/simple" }
sdist = { url = "https://files.pythonhosted.org/packages/b2/73/ce58881177b003def779c87b5e10f396deef068933c97d6d206bd46d4cb7/grimp-3.15.tar.gz", hash = "sha256:91b57d4d801dc107ebfb5a7040d4777a152c579b5dc202426e1185e50931fe1e", size = 831734, upload-time = "2026-07-03T12:09:36.244Z" }
wheels = [
    { url = "https://files.pythonhosted.org/packages/d2/4f/311bd40c02d61eee0182cb8c9b6ded37d42bed9a334e5ba4dacbe1c4c997/grimp-3.15-cp314-cp314-macosx_10_12_x86_64.whl", hash = "sha256:6db0b30683612be4571b6b6208e1b39b77faa54566c5ca4f086d64cc783e4864", size = 2144799, upload-time = "2026-07-03T12:08:53.215Z" },
    { url = "https://files.pythonhosted.org/packages/42/ce/86e941cc26bd3419b5e2abb8b48fa35b850e5508f14e033f3ce28bfce608/grimp-3.15-cp314-cp314-macosx_11_0_arm64.whl", hash = "sha256:e731a1f8a192a802e04d4018d6cce9f4a12ce48b6b73f43014bd4e0a5d04a8e9", size = 2090802, upload-time = "2026-07-03T12:08:45.489Z" },
    { url = "https://files.pythonhosted.org/packages/6c/09/bcb4e380596e533ef9ebb3f164ad3cc113fde62318ca5af71a27886b1612/grimp-3.15-cp314-cp314-manylinux_2_17_aarch64.manylinux2014_aarch64.whl", hash = "sha256:5cb607ee3e16440fc59ec2b49eef1b6dbbe701af9e99990b6491e6f120bd60b5", size = 2255870, upload-time = "2026-07-03T12:07:37.207Z" },
    { url = "https://files.pythonhosted.org/packages/c3/84/361cebbd7b14ce15d93bfb65e2b0ff30287252ffa6ab0b7fe08e029eae6c/grimp-3.15-cp314-cp314-manylinux_2_17_armv7l.manylinux2014_armv7l.whl", hash = "sha256:f0492b9f1120176146d81e51aa0691aa6c004cdf5192ab309a221f9b223dedfc", size = 2193359, upload-time = "2026-07-03T12:07:47.548Z" },
    { url = "https://files.pythonhosted.org/packages/5e/d6/c4dd785e149c3c66494822c8b46f0a36cbdf5a5400eeb2172e0a8b029d0f/grimp-3.15-cp314-cp314-manylinux_2_17_i686.manylinux2014_i686.whl", hash = "sha256:1bb3dbb0471179e732400fdf31c8c8d0299c88d13dd3a3bbe77ce54fb3f1b545", size = 2346350, upload-time = "2026-07-03T12:08:20.653Z" },
    { url = "https://files.pythonhosted.org/packages/97/4b/470922cb9d0a4b0436bb298801f770c98c6953374ff84e545dd7a196aa66/grimp-3.15-cp314-cp314-manylinux_2_17_ppc64le.manylinux2014_ppc64le.whl", hash = "sha256:1b578512dbaee7eba2900d8078eaf1f7f78aa7616c609b0849b8403012ffddda", size = 2604959, upload-time = "2026-07-03T12:07:58.924Z" },
    { url = "https://files.pythonhosted.org/packages/6b/e1/061dd80f5f0abb3ac53b29ade25ffac3e464e6853e8ce31dc6c6a33a06a9/grimp-3.15-cp314-cp314-manylinux_2_17_s390x.manylinux2014_s390x.whl", hash = "sha256:d1a550a14cd2f8123fb06814b705f3af093fa1728b244f21ebcccc8d0da0f851", size = 2327185, upload-time = "2026-07-03T12:08:10.142Z" },
    { url = "https://files.pythonhosted.org/packages/7b/a3/32281e7b5fcd5622f4666b36003b9931ca0e112f2955f09458f198a30f65/grimp-3.15-cp314-cp314-manylinux_2_17_x86_64.manylinux2014_x86_64.whl", hash = "sha256:db5ebb94ec356eaa5242145c993bc84c4b52d0d2c6980dfcd12b22d51c5b2c46", size = 2273241, upload-time = "2026-07-03T12:08:33.247Z" },
    { url = "https://files.pythonhosted.org/packages/15/4b/b4f6ae15484541decbe4f12cf39a4a769352cb06332e428cc8e64aed4a32/grimp-3.15-cp314-cp314-musllinux_1_2_aarch64.whl", hash = "sha256:e03331418d7fee746e2447ecf5296986e6f094ef15fd25125efad2328844edf7", size = 2433114, upload-time = "2026-07-03T12:09:00.351Z" },
    { url = "https://files.pythonhosted.org/packages/93/a2/7bdc628435a1e908aa53b351ce031a6134efd18245c4a5a4c28e1e6d19aa/grimp-3.15-cp314-cp314-musllinux_1_2_armv7l.whl", hash = "sha256:4cc91cb69e73e7899feb6ce73747f4dc092c2bfe2653f6cba69a398cd1dfc6ea", size = 2467235, upload-time = "2026-07-03T12:09:10.677Z" },
    { url = "https://files.pythonhosted.org/packages/5d/18/77853f5693d607d5f49c7e3cd58e482ef8362ea9cf86d0fcb108e4168195/grimp-3.15-cp314-cp314-musllinux_1_2_i686.whl", hash = "sha256:a848d5b4b656c1e3a28cce0d399f2790ecbeb2eeb78bb49896018614c87219f3", size = 2506552, upload-time = "2026-07-03T12:09:20.908Z" },
    { url = "https://files.pythonhosted.org/packages/0a/bd/a094d7dd7115e8764e8069d5d3a44045c333b41d98a5746e99ec712b4b18/grimp-3.15-cp314-cp314-musllinux_1_2_x86_64.whl", hash = "sha256:208ef56397cabfab52864b3d8a461fb5015a056fede1be4587e4453b13aa8c2f", size = 2514255, upload-time = "2026-07-03T12:09:31.383Z" },
    { url = "https://files.pythonhosted.org/packages/85/68/013c640df50968b5d25802a5f01b157514d4e0ccd48c37c63947610a0e05/grimp-3.15-cp314-cp314-win32.whl", hash = "sha256:74d32fae3d222888f6b61579998043579dd810ed948785896e552906cbfdfcb7", size = 1856182, upload-time = "2026-07-03T12:09:51.178Z" },
    { url = "https://files.pythonhosted.org/packages/cc/0b/648a1d77dfc5c2fd24fbdca0a45ee1c24669d981d12652424f5c34e3352c/grimp-3.15-cp314-cp314-win_amd64.whl", hash = "sha256:6b36e179d485c797e7fa234803620af752039fa27a8c7e3182333d7c96041f70", size = 1985451, upload-time = "2026-07-03T12:09:43.731Z" },
    { url = "https://files.pythonhosted.org/packages/6b/c6/fd88ea799d181c22ab47c6cb328e7be3e196c8395444af89fd8da401cf6b/grimp-3.15-cp314-cp314t-manylinux_2_17_aarch64.manylinux2014_aarch64.whl", hash = "sha256:b9107d1037ee6e250ab7a15e1b758e0af76c841c19838b3cc688885a0b3817b5", size = 2253182, upload-time = "2026-07-03T12:07:39.351Z" },
    { url = "https://files.pythonhosted.org/packages/da/d9/25377ba259772edfa97e35e265d89eb89b966a82652967c8479902741067/grimp-3.15-cp314-cp314t-manylinux_2_17_armv7l.manylinux2014_armv7l.whl", hash = "sha256:b88975b2882edc55e8946640f7b36dfb83cce1303cff5f8528c3f4819d7fbb07", size = 2191822, upload-time = "2026-07-03T12:07:48.721Z" },
    { url = "https://files.pythonhosted.org/packages/23/64/cae8ca43e05aa5217ca2e17ffbda77e86cb215c1a9a03592c110c0162f27/grimp-3.15-cp314-cp314t-manylinux_2_17_i686.manylinux2014_i686.whl", hash = "sha256:0fe01a5393e415e3d99b22c7dc6c6a9cc1b633714707d1c6b56ecbaccc2132f5", size = 2344413, upload-time = "2026-07-03T12:08:21.976Z" },
    { url = "https://files.pythonhosted.org/packages/39/32/feea8fec71e62394013865314854ccb3d7bb54f226564fd267e6662f509a/grimp-3.15-cp314-cp314t-manylinux_2_17_ppc64le.manylinux2014_ppc64le.whl", hash = "sha256:dd4d70a0de010a9b452b59326a00574f7488dd1333d003df624114e5e00e877e", size = 2602856, upload-time = "2026-07-03T12:08:00.263Z" },
    { url = "https://files.pythonhosted.org/packages/63/ab/46ccdeb698398264d774273a9b8d9b013c8d23127d05371489b22dcf3ea5/grimp-3.15-cp314-cp314t-manylinux_2_17_s390x.manylinux2014_s390x.whl", hash = "sha256:204beed673ff43ab4ebe52ff4efd29b80025ec777136a62109afb69792d7fae0", size = 2326095, upload-time = "2026-07-03T12:08:11.432Z" },
    { url = "https://files.pythonhosted.org/packages/69/ae/f98c2c964a850ab80341d02576ef8681e75178f893ba2c73dc03e6563925/grimp-3.15-cp314-cp314t-manylinux_2_17_x86_64.manylinux2014_x86_64.whl", hash = "sha256:1602be339f8a4d368d71758814e5505200cf665818eb0f9a2cc74d71ecc8cf1c", size = 2274375, upload-time = "2026-07-03T12:08:34.598Z" },
    { url = "https://files.pythonhosted.org/packages/bb/38/9355cdb28fab458fb8defca6406de303d78af617aa0d8c9ae5253b4e5a8b/grimp-3.15-cp314-cp314t-musllinux_1_2_aarch64.whl", hash = "sha256:077c27a1e6ff3baf23a8caaa1d74cbbac27024b069956dd6ca5fc3acd43ddb4b", size = 2430307, upload-time = "2026-07-03T12:09:02.447Z" },
    { url = "https://files.pythonhosted.org/packages/7f/06/edfa7f8064c1a3502fe4aba56c07bd122e94e329188939d52c02bd7e85b6/grimp-3.15-cp314-cp314t-musllinux_1_2_armv7l.whl", hash = "sha256:5516fc38899f4396eff68e6b1997310b4de2d0155e3fad9f545e666c993985b3", size = 2464014, upload-time = "2026-07-03T12:09:12.185Z" },
    { url = "https://files.pythonhosted.org/packages/ec/c2/153b5cc3106814504b4195c7d4c178d85732d35b8895185a02112b8f9a03/grimp-3.15-cp314-cp314t-musllinux_1_2_i686.whl", hash = "sha256:dbe8e14cc61af4eea8e7ed6f2108828101f57fe86273d5b61cff044b69e6c6b5", size = 2502010, upload-time = "2026-07-03T12:09:22.431Z" },
    { url = "https://files.pythonhosted.org/packages/e8/3f/ae4ba51cf484030e3d15b3304eb7ab9039fe91fb35ff5e90d60fde135bff/grimp-3.15-cp314-cp314t-musllinux_1_2_x86_64.whl", hash = "sha256:1763b7b48ed6c9e6de838d0d64f19510a392235266cf2240c9be9cc25ca7c54b", size = 2514787, upload-time = "2026-07-03T12:09:33Z" },
    { url = "https://files.pythonhosted.org/packages/0f/5f/0fb2d2bc9fe6bce899947802c94531c24e581c715db19216b941c1b2422f/grimp-3.15-cp315-cp315-manylinux_2_17_i686.manylinux2014_i686.whl", hash = "sha256:116c3a6dba61bd302919b82cb5d603f5977e321d80d7de3c7a1265357ab9dd66", size = 2345635, upload-time = "2026-07-03T12:08:23.406Z" },
    { url = "https://files.pythonhosted.org/packages/00/ac/05d859a62ed9282f43a0f0962da230c46a2eb3d3ecb5b39117b3b4888405/grimp-3.15-cp315-cp315-manylinux_2_17_x86_64.manylinux2014_x86_64.whl", hash = "sha256:fcc2e5065d35047729e41a55c9c3eb99810cf322fe3b3e89fa126f306ce6b3b5", size = 2273647, upload-time = "2026-07-03T12:08:36.139Z" },
    { url = "https://files.pythonhosted.org/packages/6d/dd/f726316f54e29da4f24d545d6299e1ea0accfbbf52729077fd4a619de055/grimp-3.15-cp315-cp315t-manylinux_2_17_i686.manylinux2014_i686.whl", hash = "sha256:b38327673df49203cff0ebcbbf078999a80f0b11bb654760059f6f00f56f64d6", size = 2344080, upload-time = "2026-07-03T12:08:25.044Z" },
    { url = "https://files.pythonhosted.org/packages/c1/56/523a8f969f0a0b0a8ce43fbe8bc7a04e90f52724efc85f3305f1e07ae626/grimp-3.15-cp315-cp315t-manylinux_2_17_x86_64.manylinux2014_x86_64.whl", hash = "sha256:965b37dad2f73164a103381c9fd1255bb3b2f6021ca2f38ffe70dd00fdc0fc55", size = 2275041, upload-time = "2026-07-03T12:08:37.582Z" },
]

[[package]]
name = "import-linter"
version = "2.3"
source = { registry = "https://pypi.org/simple" }
dependencies = [
    { name = "click" },
    { name = "grimp" },
    { name = "typing-extensions" },
]
sdist = { url = "https://files.pythonhosted.org/packages/6e/f4/a3a4110b5b34cdb8553be7c60d66b0169624923bb0597d3fe6f655848a36/import_linter-2.3.tar.gz", hash = "sha256:863646106d52ee5489965670f97a2a78f2c8c68d2d20392322bf0d7cc0111aa7", size = 29321, upload-time = "2025-03-11T09:11:36.002Z" }
wheels = [
    { url = "https://files.pythonhosted.org/packages/15/62/de70aac73cc7112fd9e582b92dd300d9152a6d40a1d6aad290198ebdb183/import_linter-2.3-py3-none-any.whl", hash = "sha256:5b851776782048ff1be214f1e407ef2e3d30dcb23194e8b852772941811a1258", size = 41584, upload-time = "2025-03-11T09:11:35.07Z" },
]

[[package]]
name = "iniconfig"
version = "2.3.0"
source = { registry = "https://pypi.org/simple" }
sdist = { url = "https://files.pythonhosted.org/packages/72/34/14ca021ce8e5dfedc35312d08ba8bf51fdd999c576889fc2c24cb97f4f10/iniconfig-2.3.0.tar.gz", hash = "sha256:c76315c77db068650d49c5b56314774a7804df16fee4402c1f19d6d15d8c4730", size = 20503, upload-time = "2025-10-18T21:55:43.219Z" }
wheels = [
    { url = "https://files.pythonhosted.org/packages/cb/b1/3846dd7f199d53cb17f49cba7e651e9ce294d8497c8c150530ed11865bb8/iniconfig-2.3.0-py3-none-any.whl", hash = "sha256:f631c04d2c48c52b84d0d0549c99ff3859c98df65b3101406327ecc7d53fbf12", size = 7484, upload-time = "2025-10-18T21:55:41.639Z" },
]

[[package]]
name = "mypy"
version = "1.15.0"
source = { registry = "https://pypi.org/simple" }
dependencies = [
    { name = "mypy-extensions" },
    { name = "typing-extensions" },
]
sdist = { url = "https://files.pythonhosted.org/packages/ce/43/d5e49a86afa64bd3839ea0d5b9c7103487007d728e1293f52525d6d5486a/mypy-1.15.0.tar.gz", hash = "sha256:404534629d51d3efea5c800ee7c42b72a6554d6c400e6a79eafe15d11341fd43", size = 3239717, upload-time = "2025-02-05T03:50:34.655Z" }
wheels = [
    { url = "https://files.pythonhosted.org/packages/09/4e/a7d65c7322c510de2c409ff3828b03354a7c43f5a8ed458a7a131b41c7b9/mypy-1.15.0-py3-none-any.whl", hash = "sha256:5469affef548bd1895d86d3bf10ce2b44e33d86923c29e4d675b3e323437ea3e", size = 2221777, upload-time = "2025-02-05T03:50:08.348Z" },
]

[[package]]
name = "mypy-extensions"
version = "1.1.0"
source = { registry = "https://pypi.org/simple" }
sdist = { url = "https://files.pythonhosted.org/packages/a2/6e/371856a3fb9d31ca8dac321cda606860fa4548858c0cc45d9d1d4ca2628b/mypy_extensions-1.1.0.tar.gz", hash = "sha256:52e68efc3284861e772bbcd66823fde5ae21fd2fdb51c62a211403730b916558", size = 6343, upload-time = "2025-04-22T14:54:24.164Z" }
wheels = [
    { url = "https://files.pythonhosted.org/packages/79/7b/2c79738432f5c924bef5071f933bcc9efd0473bac3b4aa584a6f7c1c8df8/mypy_extensions-1.1.0-py3-none-any.whl", hash = "sha256:1be4cccdb0f2482337c4743e60421de3a356cd97508abadd57d47403e94f5505", size = 4963, upload-time = "2025-04-22T14:54:22.983Z" },
]

[[package]]
name = "packaging"
version = "26.3"
source = { registry = "https://pypi.org/simple" }
sdist = { url = "https://files.pythonhosted.org/packages/7d/fa/3944b40b07da9ce895c0e6303a5ab7d53da063554f534556b134a54d6093/packaging-26.3.tar.gz", hash = "sha256:94edc256424af38762eb31306eed28beb9f0efc50a8837492c9d6fd6004aed79", size = 313412, upload-time = "2026-08-04T18:15:28.737Z" }
wheels = [
    { url = "https://files.pythonhosted.org/packages/63/34/ba1c580383c9eada3711951fef0795c80b829a078d72188184bcab9dd527/packaging-26.3-py3-none-any.whl", hash = "sha256:d7193f7c8e4e93f444fde0262bf90af30e16fa0ad0ad44cb553c87339b23cd1c", size = 129956, upload-time = "2026-08-04T18:15:27.159Z" },
]

[[package]]
name = "pluggy"
version = "1.6.0"
source = { registry = "https://pypi.org/simple" }
sdist = { url = "https://files.pythonhosted.org/packages/f9/e2/3e91f31a7d2b083fe6ef3fa267035b518369d9511ffab804f839851d2779/pluggy-1.6.0.tar.gz", hash = "sha256:7dcc130b76258d33b90f61b658791dede3486c3e6bfb003ee5c9bfb396dd22f3", size = 69412, upload-time = "2025-05-15T12:30:07.975Z" }
wheels = [
    { url = "https://files.pythonhosted.org/packages/54/20/4d324d65cc6d9205fabedc306948156824eb9f0ee1633355a8f7ec5c66bf/pluggy-1.6.0-py3-none-any.whl", hash = "sha256:e920276dd6813095e9377c0bc5566d94c932c33b27a3e3945d8389c374dd4746", size = 20538, upload-time = "2025-05-15T12:30:06.134Z" },
]

[[package]]
name = "pygments"
version = "2.21.0"
source = { registry = "https://pypi.org/simple" }
sdist = { url = "https://files.pythonhosted.org/packages/49/2e/ced460408999b33da6b31b0021b0f37d329e202d4169aeb164493778f25b/pygments-2.21.0.tar.gz", hash = "sha256:610ca751c9bc2492b38eb9a38a7fbc93edbbb2d7182edaf34e66ae493dee5c8c", size = 5005329, upload-time = "2026-08-17T08:02:48.824Z" }
wheels = [
    { url = "https://files.pythonhosted.org/packages/71/46/17f022dd3e953bf20a04a028a21ec746d942f8d2af30fa0f124fa0e6a684/pygments-2.21.0-py3-none-any.whl", hash = "sha256:2363c69b61c4a97c838da3b130dcd6468f4848992b21a82f2a63ec34377137d9", size = 1250147, upload-time = "2026-08-17T08:02:44.912Z" },
]

[[package]]
name = "pytest"
version = "9.0.3"
source = { registry = "https://pypi.org/simple" }
dependencies = [
    { name = "colorama", marker = "sys_platform == 'win32'" },
    { name = "iniconfig" },
    { name = "packaging" },
    { name = "pluggy" },
    { name = "pygments" },
]
sdist = { url = "https://files.pythonhosted.org/packages/7d/0d/549bd94f1a0a402dc8cf64563a117c0f3765662e2e668477624baeec44d5/pytest-9.0.3.tar.gz", hash = "sha256:b86ada508af81d19edeb213c681b1d48246c1a91d304c6c81a427674c17eb91c", size = 1572165, upload-time = "2026-04-07T17:16:18.027Z" }
wheels = [
    { url = "https://files.pythonhosted.org/packages/d4/24/a372aaf5c9b7208e7112038812994107bc65a84cd00e0354a88c2c77a617/pytest-9.0.3-py3-none-any.whl", hash = "sha256:2c5efc453d45394fdd706ade797c0a81091eccd1d6e4bccfcd476e2b8e0ab5d9", size = 375249, upload-time = "2026-04-07T17:16:16.13Z" },
]

[[package]]
name = "pytest-cov"
version = "6.1.0"
source = { registry = "https://pypi.org/simple" }
dependencies = [
    { name = "coverage" },
    { name = "pytest" },
]
sdist = { url = "https://files.pythonhosted.org/packages/34/8c/039a7793f23f5cb666c834da9e944123f498ccc0753bed5fbfb2e2c11f87/pytest_cov-6.1.0.tar.gz", hash = "sha256:ec55e828c66755e5b74a21bd7cc03c303a9f928389c0563e50ba454a6dbe71db", size = 66651, upload-time = "2025-04-01T10:58:05.169Z" }
wheels = [
    { url = "https://files.pythonhosted.org/packages/e1/c5/8d6ffe9fc8f7f57b3662156ae8a34f2b8e7a754c73b48e689ce43145e98c/pytest_cov-6.1.0-py3-none-any.whl", hash = "sha256:cd7e1d54981d5185ef2b8d64b50172ce97e6f357e6df5cb103e828c7f993e201", size = 23743, upload-time = "2025-04-01T10:58:03.302Z" },
]

[[package]]
name = "pyyaml"
version = "6.0.2"
source = { registry = "https://pypi.org/simple" }
sdist = { url = "https://files.pythonhosted.org/packages/54/ed/79a089b6be93607fa5cdaedf301d7dfb23af5f25c398d5ead2525b063e17/pyyaml-6.0.2.tar.gz", hash = "sha256:d584d9ec91ad65861cc08d42e834324ef890a082e591037abe114850ff7bbc3e", size = 130631, upload-time = "2024-08-06T20:33:50.674Z" }

[[package]]
name = "ruff"
version = "0.9.10"
source = { registry = "https://pypi.org/simple" }
sdist = { url = "https://files.pythonhosted.org/packages/20/8e/fafaa6f15c332e73425d9c44ada85360501045d5ab0b81400076aff27cf6/ruff-0.9.10.tar.gz", hash = "sha256:9bacb735d7bada9cfb0f2c227d3658fc443d90a727b47f206fb33f52f3c0eac7", size = 3759776, upload-time = "2025-03-07T15:27:44.363Z" }
wheels = [
    { url = "https://files.pythonhosted.org/packages/73/b2/af7c2cc9e438cbc19fafeec4f20bfcd72165460fe75b2b6e9a0958c8c62b/ruff-0.9.10-py3-none-linux_armv6l.whl", hash = "sha256:eb4d25532cfd9fe461acc83498361ec2e2252795b4f40b17e80692814329e42d", size = 10049494, upload-time = "2025-03-07T15:26:51.268Z" },
    { url = "https://files.pythonhosted.org/packages/6d/12/03f6dfa1b95ddd47e6969f0225d60d9d7437c91938a310835feb27927ca0/ruff-0.9.10-py3-none-macosx_10_12_x86_64.whl", hash = "sha256:188a6638dab1aa9bb6228a7302387b2c9954e455fb25d6b4470cb0641d16759d", size = 10853584, upload-time = "2025-03-07T15:26:56.104Z" },
    { url = "https://files.pythonhosted.org/packages/02/49/1c79e0906b6ff551fb0894168763f705bf980864739572b2815ecd3c9df0/ruff-0.9.10-py3-none-macosx_11_0_arm64.whl", hash = "sha256:5284dcac6b9dbc2fcb71fdfc26a217b2ca4ede6ccd57476f52a587451ebe450d", size = 10155692, upload-time = "2025-03-07T15:27:01.385Z" },
    { url = "https://files.pythonhosted.org/packages/5b/01/85e8082e41585e0e1ceb11e41c054e9e36fed45f4b210991052d8a75089f/ruff-0.9.10-py3-none-manylinux_2_17_aarch64.manylinux2014_aarch64.whl", hash = "sha256:47678f39fa2a3da62724851107f438c8229a3470f533894b5568a39b40029c0c", size = 10369760, upload-time = "2025-03-07T15:27:04.023Z" },
    { url = "https://files.pythonhosted.org/packages/a1/90/0bc60bd4e5db051f12445046d0c85cc2c617095c0904f1aa81067dc64aea/ruff-0.9.10-py3-none-manylinux_2_17_armv7l.manylinux2014_armv7l.whl", hash = "sha256:99713a6e2766b7a17147b309e8c915b32b07a25c9efd12ada79f217c9c778b3e", size = 9912196, upload-time = "2025-03-07T15:27:06.93Z" },
    { url = "https://files.pythonhosted.org/packages/66/ea/0b7e8c42b1ec608033c4d5a02939c82097ddcb0b3e393e4238584b7054ab/ruff-0.9.10-py3-none-manylinux_2_17_i686.manylinux2014_i686.whl", hash = "sha256:524ee184d92f7c7304aa568e2db20f50c32d1d0caa235d8ddf10497566ea1a12", size = 11434985, upload-time = "2025-03-07T15:27:10.082Z" },
    { url = "https://files.pythonhosted.org/packages/d5/86/3171d1eff893db4f91755175a6e1163c5887be1f1e2f4f6c0c59527c2bfd/ruff-0.9.10-py3-none-manylinux_2_17_ppc64.manylinux2014_ppc64.whl", hash = "sha256:df92aeac30af821f9acf819fc01b4afc3dfb829d2782884f8739fb52a8119a16", size = 12155842, upload-time = "2025-03-07T15:27:12.727Z" },
    { url = "https://files.pythonhosted.org/packages/89/9e/700ca289f172a38eb0bca752056d0a42637fa17b81649b9331786cb791d7/ruff-0.9.10-py3-none-manylinux_2_17_ppc64le.manylinux2014_ppc64le.whl", hash = "sha256:de42e4edc296f520bb84954eb992a07a0ec5a02fecb834498415908469854a52", size = 11613804, upload-time = "2025-03-07T15:27:15.944Z" },
    { url = "https://files.pythonhosted.org/packages/f2/92/648020b3b5db180f41a931a68b1c8575cca3e63cec86fd26807422a0dbad/ruff-0.9.10-py3-none-manylinux_2_17_s390x.manylinux2014_s390x.whl", hash = "sha256:d257f95b65806104b6b1ffca0ea53f4ef98454036df65b1eda3693534813ecd1", size = 13823776, upload-time = "2025-03-07T15:27:18.996Z" },
    { url = "https://files.pythonhosted.org/packages/5e/a6/cc472161cd04d30a09d5c90698696b70c169eeba2c41030344194242db45/ruff-0.9.10-py3-none-manylinux_2_17_x86_64.manylinux2014_x86_64.whl", hash = "sha256:b60dec7201c0b10d6d11be00e8f2dbb6f40ef1828ee75ed739923799513db24c", size = 11302673, upload-time = "2025-03-07T15:27:21.655Z" },
    { url = "https://files.pythonhosted.org/packages/6c/db/d31c361c4025b1b9102b4d032c70a69adb9ee6fde093f6c3bf29f831c85c/ruff-0.9.10-py3-none-musllinux_1_2_aarch64.whl", hash = "sha256:d838b60007da7a39c046fcdd317293d10b845001f38bcb55ba766c3875b01e43", size = 10235358, upload-time = "2025-03-07T15:27:24.72Z" },
    { url = "https://files.pythonhosted.org/packages/d1/86/d6374e24a14d4d93ebe120f45edd82ad7dcf3ef999ffc92b197d81cdc2a5/ruff-0.9.10-py3-none-musllinux_1_2_armv7l.whl", hash = "sha256:ccaf903108b899beb8e09a63ffae5869057ab649c1e9231c05ae354ebc62066c", size = 9886177, upload-time = "2025-03-07T15:27:27.282Z" },
    { url = "https://files.pythonhosted.org/packages/00/62/a61691f6eaaac1e945a1f3f59f1eea9a218513139d5b6c2b8f88b43b5b8f/ruff-0.9.10-py3-none-musllinux_1_2_i686.whl", hash = "sha256:f9567d135265d46e59d62dc60c0bfad10e9a6822e231f5b24032dba5a55be6b5", size = 10864747, upload-time = "2025-03-07T15:27:30.637Z" },
    { url = "https://files.pythonhosted.org/packages/ee/94/2c7065e1d92a8a8a46d46d9c3cf07b0aa7e0a1e0153d74baa5e6620b4102/ruff-0.9.10-py3-none-musllinux_1_2_x86_64.whl", hash = "sha256:5f202f0d93738c28a89f8ed9eaba01b7be339e5d8d642c994347eaa81c6d75b8", size = 11360441, upload-time = "2025-03-07T15:27:33.356Z" },
    { url = "https://files.pythonhosted.org/packages/a7/8f/1f545ea6f9fcd7bf4368551fb91d2064d8f0577b3079bb3f0ae5779fb773/ruff-0.9.10-py3-none-win32.whl", hash = "sha256:bfb834e87c916521ce46b1788fbb8484966e5113c02df216680102e9eb960029", size = 10247401, upload-time = "2025-03-07T15:27:35.994Z" },
    { url = "https://files.pythonhosted.org/packages/4f/18/fb703603ab108e5c165f52f5b86ee2aa9be43bb781703ec87c66a5f5d604/ruff-0.9.10-py3-none-win_amd64.whl", hash = "sha256:f2160eeef3031bf4b17df74e307d4c5fb689a6f3a26a2de3f7ef4044e3c484f1", size = 11366360, upload-time = "2025-03-07T15:27:38.66Z" },
    { url = "https://files.pythonhosted.org/packages/35/85/338e603dc68e7d9994d5d84f24adbf69bae760ba5efd3e20f5ff2cec18da/ruff-0.9.10-py3-none-win_arm64.whl", hash = "sha256:5fd804c0327a5e5ea26615550e706942f348b197d5475ff34c19733aee4b2e69", size = 10436892, upload-time = "2025-03-07T15:27:41.687Z" },
]

[[package]]
name = "typing-extensions"
version = "4.16.0"
source = { registry = "https://pypi.org/simple" }
sdist = { url = "https://files.pythonhosted.org/packages/f6/cc/6253133b5bb138fc3306cebfbda2c520f545d36b5be2c7255cc528bb45d6/typing_extensions-4.16.0.tar.gz", hash = "sha256:dc983d19a509c94dba722ee6abd33940f7c05a89e243c47e907eb4db6f1a43e5", size = 113555, upload-time = "2026-07-02T08:40:05.92Z" }
wheels = [
    { url = "https://files.pythonhosted.org/packages/49/d3/b8441a820a491ddfc024b0b0cf0393375b75ea13866d9c66727e54c2fc80/typing_extensions-4.16.0-py3-none-any.whl", hash = "sha256:481caa481374e813c1b176ada14e97f1f67a4539ce9cfeb3f350d78d6370c2e8", size = 45571, upload-time = "2026-07-02T08:40:04.659Z" },
]
